
Microsoft Visual Studio Solution File, Format Version 12.00
# Visual Studio 15
VisualStudioVersion = 15.0.28307.705
MinimumVisualStudioVersion = 10.0.40219.1
Project("{FAE04EC0-301F-11D3-BF4B-00C04F79EFBC}") = "MatchTrackerDAL", "MatchTrackerDAL\MatchTrackerDAL.csproj", "{AEACA823-3DCC-455B-BE01-2F4831FD398B}"
EndProject
Project("{FAE04EC0-301F-11D3-BF4B-00C04F79EFBC}") = "MatchTrackerLib", "MatchTrackerLib\MatchTrackerLib.csproj", "{640CDCFB-AAE5-4B22-9060-FE92FC760537}"
EndProject
Project("{FAE04EC0-301F-11D3-BF4B-00C04F79EFBC}") = "MatchTracker", "MatchTracker\MatchTracker.csproj", "{54077D60-5E9A-4F48-A003-5281505F6AB9}"
EndProject
Global
	GlobalSection(SolutionConfigurationPlatforms) = preSolution
		Debug|Any CPU = Debug|Any CPU
		Release|Any CPU = Release|Any CPU
	EndGlobalSection
	GlobalSection(ProjectConfigurationPlatforms) = postSolution
		{AEACA823-3DCC-455B-BE01-2F4831FD398B}.Debug|Any CPU.ActiveCfg = Debug|Any CPU
		{AEACA823-3DCC-455B-BE01-2F4831FD398B}.Debug|Any CPU.Build.0 = Debug|Any CPU
		{AEACA823-3DCC-455B-BE01-2F4831FD398B}.Release|Any CPU.ActiveCfg = Release|Any CPU
		{AEACA823-3DCC-455B-BE01-2F4831FD398B}.Release|Any CPU.Build.0 = Release|Any CPU
		{640CDCFB-AAE5-4B22-9060-FE92FC760537}.Debug|Any CPU.ActiveCfg = Debug|Any CPU
		{640CDCFB-AAE5-4B22-9060-FE92FC760537}.Debug|Any CPU.Build.0 = Debug|Any CPU
		{640CDCFB-AAE5-4B22-9060-FE92FC760537}.Release|Any CPU.ActiveCfg = Release|Any CPU
		{640CDCFB-AAE5-4B22-9060-FE92FC760537}.Release|Any CPU.Build.0 = Release|Any CPU
		{54077D60-5E9A-4F48-A003-5281505F6AB9}.Debug|Any CPU.ActiveCfg = Debug|Any CPU
		{54077D60-5E9A-4F48-A003-5281505F6AB9}.Debug|Any CPU.Build.0 = Debug|Any CPU
		{54077D60-5E9A-4F48-A003-5281505F6AB9}.Release|Any CPU.ActiveCfg = Release|Any CPU
		{54077D60-5E9A-4F48-A003-5281505F6AB9}.Release|Any CPU.Build.0 = Release|Any CPU
	EndGlobalSection
	GlobalSection(SolutionProperties) = preSolution
		HideSolutionNode = FALSE
	EndGlobalSection
	GlobalSection(ExtensibilityGlobals) = postSolution
		SolutionGuid = {49126AF0-8EC9-43E7-8C14-FFED924F4A47}
	EndGlobalSection
EndGlobal
